
Microsoft Visual Studio Solution File, Format Version 12.00
# Visual Studio 15
VisualStudioVersion = 15.0.28010.2036
MinimumVisualStudioVersion = 10.0.40219.1
Project("{FAE04EC0-301F-11D3-BF4B-00C04F79EFBC}") = "FYP Form", "FYP Form\FYP Form.csproj", "{87DE2919-5EBC-49EE-A29D-2CA5CE7ABC75}"
EndProject
Global
	GlobalSection(SolutionConfigurationPlatforms) = preSolution
		Debug|Any CPU = Debug|Any CPU
		Release|Any CPU = Release|Any CPU
	EndGlobalSection
	GlobalSection(ProjectConfigurationPlatforms) = postSolution
		{87DE2919-5EBC-49EE-A29D-2CA5CE7ABC75}.Debug|Any CPU.ActiveCfg = Debug|Any CPU
		{87DE2919-5EBC-49EE-A29D-2CA5CE7ABC75}.Debug|Any CPU.Build.0 = Debug|Any CPU
		{87DE2919-5EBC-49EE-A29D-2CA5CE7ABC75}.Release|Any CPU.ActiveCfg = Release|Any CPU
		{87DE2919-5EBC-49EE-A29D-2CA5CE7ABC75}.Release|Any CPU.Build.0 = Release|Any CPU
	EndGlobalSection
	GlobalSection(SolutionProperties) = preSolution
		HideSolutionNode = FALSE
	EndGlobalSection
	GlobalSection(ExtensibilityGlobals) = postSolution
		SolutionGuid = {414E891F-BB8C-4D1E-A00B-24B53319CEC2}
	EndGlobalSection
EndGlobal
